
Microsoft Visual Studio Solution File, Format Version 12.00
# Visual Studio Version 17
VisualStudioVersion = 17.12.35707.178
MinimumVisualStudioVersion = 10.0.40219.1
Project("{FAE04EC0-301F-11D3-BF4B-00C04F79EFBC}") = "SSMLBuilder.Azure", "SSMLBuilder.Azure\SSMLBuilder.Azure.csproj", "{C39D8CCB-455E-47A9-A0DA-C6A1A89D5441}"
EndProject
Project("{FAE04EC0-301F-11D3-BF4B-00C04F79EFBC}") = "SSMLBuilderAzure.UnitTests", "Tests\SSMLBuilderAzure.UnitTests\SSMLBuilderAzure.UnitTests.csproj", "{F6763EF4-23EB-4D21-B1B4-95D4821168C0}"
EndProject
Project("{2150E333-8FDC-42A3-9474-1A3956D46DE8}") = "Tests", "Tests", "{233DC0D2-254A-4FF8-8D72-7527A3DD894C}"
EndProject
Global
	GlobalSection(SolutionConfigurationPlatforms) = preSolution
		Debug|Any CPU = Debug|Any CPU
		Release|Any CPU = Release|Any CPU
	EndGlobalSection
	GlobalSection(ProjectConfigurationPlatforms) = postSolution
		{C39D8CCB-455E-47A9-A0DA-C6A1A89D5441}.Debug|Any CPU.ActiveCfg = Debug|Any CPU
		{C39D8CCB-455E-47A9-A0DA-C6A1A89D5441}.Debug|Any CPU.Build.0 = Debug|Any CPU
		{C39D8CCB-455E-47A9-A0DA-C6A1A89D5441}.Release|Any CPU.ActiveCfg = Release|Any CPU
		{C39D8CCB-455E-47A9-A0DA-C6A1A89D5441}.Release|Any CPU.Build.0 = Release|Any CPU
		{F6763EF4-23EB-4D21-B1B4-95D4821168C0}.Debug|Any CPU.ActiveCfg = Debug|Any CPU
		{F6763EF4-23EB-4D21-B1B4-95D4821168C0}.Debug|Any CPU.Build.0 = Debug|Any CPU
		{F6763EF4-23EB-4D21-B1B4-95D4821168C0}.Release|Any CPU.ActiveCfg = Release|Any CPU
		{F6763EF4-23EB-4D21-B1B4-95D4821168C0}.Release|Any CPU.Build.0 = Release|Any CPU
	EndGlobalSection
	GlobalSection(SolutionProperties) = preSolution
		HideSolutionNode = FALSE
	EndGlobalSection
	GlobalSection(NestedProjects) = preSolution
		{F6763EF4-23EB-4D21-B1B4-95D4821168C0} = {233DC0D2-254A-4FF8-8D72-7527A3DD894C}
	EndGlobalSection
EndGlobal
